
Microsoft Visual Studio Solution File, Format Version 12.00
# Visual Studio Version 17
VisualStudioVersion = 17.9.34728.123
MinimumVisualStudioVersion = 10.0.40219.1
Project("{FAE04EC0-301F-11D3-BF4B-00C04F79EFBC}") = "D¥¥DesktopNotificationSender", "D¥¥DesktopNotificationSender\D¥¥DesktopNotificationSender.csproj", "{398DC8EF-23FF-4638-AB8D-0326724CD8B5}"
EndProject
Global
	GlobalSection(SolutionConfigurationPlatforms) = preSolution
		Debug|Any CPU = Debug|Any CPU
		Release|Any CPU = Release|Any CPU
	EndGlobalSection
	GlobalSection(ProjectConfigurationPlatforms) = postSolution
		{398DC8EF-23FF-4638-AB8D-0326724CD8B5}.Debug|Any CPU.ActiveCfg = Debug|Any CPU
		{398DC8EF-23FF-4638-AB8D-0326724CD8B5}.Debug|Any CPU.Build.0 = Debug|Any CPU
		{398DC8EF-23FF-4638-AB8D-0326724CD8B5}.Release|Any CPU.ActiveCfg = Release|Any CPU
		{398DC8EF-23FF-4638-AB8D-0326724CD8B5}.Release|Any CPU.Build.0 = Release|Any CPU
	EndGlobalSection
	GlobalSection(SolutionProperties) = preSolution
		HideSolutionNode = FALSE
	EndGlobalSection
	GlobalSection(ExtensibilityGlobals) = postSolution
		SolutionGuid = {65C2DA7A-C6A4-41C5-921F-9C4C1E706CCA}
	EndGlobalSection
EndGlobal
